
Microsoft Visual Studio Solution File, Format Version 12.00
# Visual Studio 15
VisualStudioVersion = 15.0.28307.1622
MinimumVisualStudioVersion = 10.0.40219.1
Project("{8BC9CEB8-8B4A-11D0-8D11-00A0C91BC942}") = "wordEvolution", "wordEvolution\wordEvolution.vcxproj", "{7B769631-BE9B-42BA-BD39-9C8C9D41DCA3}"
EndProject
Global
	GlobalSection(SolutionConfigurationPlatforms) = preSolution
		Debug|x64 = Debug|x64
		Debug|x86 = Debug|x86
		Release|x64 = Release|x64
		Release|x86 = Release|x86
	EndGlobalSection
	GlobalSection(ProjectConfigurationPlatforms) = postSolution
		{7B769631-BE9B-42BA-BD39-9C8C9D41DCA3}.Debug|x64.ActiveCfg = Debug|x64
		{7B769631-BE9B-42BA-BD39-9C8C9D41DCA3}.Debug|x64.Build.0 = Debug|x64
		{7B769631-BE9B-42BA-BD39-9C8C9D41DCA3}.Debug|x86.ActiveCfg = Debug|Win32
		{7B769631-BE9B-42BA-BD39-9C8C9D41DCA3}.Debug|x86.Build.0 = Debug|Win32
		{7B769631-BE9B-42BA-BD39-9C8C9D41DCA3}.Release|x64.ActiveCfg = Release|x64
		{7B769631-BE9B-42BA-BD39-9C8C9D41DCA3}.Release|x64.Build.0 = Release|x64
		{7B769631-BE9B-42BA-BD39-9C8C9D41DCA3}.Release|x86.ActiveCfg = Release|Win32
		{7B769631-BE9B-42BA-BD39-9C8C9D41DCA3}.Release|x86.Build.0 = Release|Win32
	EndGlobalSection
	GlobalSection(SolutionProperties) = preSolution
		HideSolutionNode = FALSE
	EndGlobalSection
	GlobalSection(ExtensibilityGlobals) = postSolution
		SolutionGuid = {67682D45-CA9F-4051-9B07-F4F7231112C5}
	EndGlobalSection
EndGlobal
